{
  "name": "hyper-gtk",
  "version": "0.1.0",
  "lockfileVersion": 1,
  "requires": true,
  "dependencies": {
    "ts-for-gjs": {
      "version": "github:sammydre/ts-for-gjs#783ae88c303b5c15bca7b394faad22e93cc86b57",
      "from": "github:sammydre/ts-for-gjs",
      "dev": true
    },
    "typescript": {
      "version": "3.6.2",
      "resolved": "https://registry.npmjs.org/typescript/-/typescript-3.6.2.tgz",
      "integrity": "sha512-lmQ4L+J6mnu3xweP8+rOrUwzmN+MRAj7TgtJtDaXE5PMyX2kCrklhg3rvOsOIfNeAWMQWO2F1GPc1kMD2vLAfw==",
      "dev": true
    }
  }
}
