{
  "name": "hyper-gtk",
  "version": "0.2.0",
  "lockfileVersion": 1,
  "requires": true,
  "dependencies": {
    "@cgjs/assert": {
      "version": "0.0.2",
      "resolved": "https://registry.npmjs.org/@cgjs/assert/-/assert-0.0.2.tgz",
      "integrity": "sha512-G6nTc0DZZ0Wp14fxzj9oF+vQT1GHMtRUrIN/a6M8V8sJKqm7kdw+IQQDFE12abxC5vsWPMpB090MDYnaBDQg3w=="
    },
    "@cgjs/buffer": {
      "version": "0.1.1",
      "resolved": "https://registry.npmjs.org/@cgjs/buffer/-/buffer-0.1.1.tgz",
      "integrity": "sha512-UJwhXsnytdRt2ygEZjHcEm6SZ/RsuUkPHVHZdaCT0Ey6CYF6sC2U1c9wR4uo4VnoQddfAeJF8CVE8VxK2+ELtQ==",
      "requires": {
        "buffer": "^5.0.8"
      }
    },
    "@cgjs/cluster": {
      "version": "0.0.2",
      "resolved": "https://registry.npmjs.org/@cgjs/cluster/-/cluster-0.0.2.tgz",
      "integrity": "sha512-PzQsyK79v0Uq7H0tVbepeafp9IndpRZwhftkM3LBkDLRroISpuhmIgx56tBlPwrDr3XDkUlTEX7F0wh4Jfdwpw=="
    },
    "@cgjs/console": {
      "version": "0.1.3",
      "resolved": "https://registry.npmjs.org/@cgjs/console/-/console-0.1.3.tgz",
      "integrity": "sha512-0kbKaUIO9JwO35fiKb2zMPdHqvFzTFHVF2ZjhL92RxDZm9i5HS35TkydVoZ3dAMp0ACslTKB3V3WR2jHqde+wQ=="
    },
    "@cgjs/events": {
      "version": "0.1.1",
      "resolved": "https://registry.npmjs.org/@cgjs/events/-/events-0.1.1.tgz",
      "integrity": "sha512-P9AdVIPXgBbTUiU1vatWTu039BR3fU/p+u7aNZD+cuwzsmqaqLsj708utdNvil65XhHYcGAa6HSzXLkZlRtOVA=="
    },
    "@cgjs/fs": {
      "version": "0.0.4",
      "resolved": "https://registry.npmjs.org/@cgjs/fs/-/fs-0.0.4.tgz",
      "integrity": "sha512-63KagxS9h24omUTNorMYCXj5ktu7Lug37LqAgC/4FMhqEGH2l32r0Yf/BsRheCRq1GYSBNWRDCim2kLD631YtA=="
    },
    "@cgjs/gir": {
      "version": "0.0.1",
      "resolved": "https://registry.npmjs.org/@cgjs/gir/-/gir-0.0.1.tgz",
      "integrity": "sha512-ABHguFr8uYiAWIXGfBXimw3Xksr9bFxa2m65/bCccDXyptyy1+5Ndx3ZTyABHsElP5MkggZzHtqCKRqX8oTTYA=="
    },
    "@cgjs/os": {
      "version": "0.1.1",
      "resolved": "https://registry.npmjs.org/@cgjs/os/-/os-0.1.1.tgz",
      "integrity": "sha512-FF4NZoMSKP7gR1TOKGdv9Q1LbxmpP6UVmZMJBUhn33YEeG5aOiZnBljKF707lqd2+qc+VEtRYNkEBJK0Jc0a0Q=="
    },
    "@cgjs/path": {
      "version": "0.1.1",
      "resolved": "https://registry.npmjs.org/@cgjs/path/-/path-0.1.1.tgz",
      "integrity": "sha512-tsBblo9bYVVYUlleyUu6+MfnZYApI+4xA6KLslNn96+4LI345g7ubaoETz0WBiyrQ3rleYFWJgHD5jrGTiOvSg=="
    },
    "@cgjs/process": {
      "version": "0.0.4",
      "resolved": "https://registry.npmjs.org/@cgjs/process/-/process-0.0.4.tgz",
      "integrity": "sha512-pc6SJlTdz1at/DzhZ9zEbXUgDEmcZb+e0x+YdY3MjgmmPNDkd426nKPdY9EJQ92pUjTju4Utx8lA2fIMm4zAZQ=="
    },
    "@cgjs/timers": {
      "version": "0.0.2",
      "resolved": "https://registry.npmjs.org/@cgjs/timers/-/timers-0.0.2.tgz",
      "integrity": "sha512-pU6ITZiqw094cUu0k1v7YRTkfYhyRDFxZKf87Xvh6riF6y20lPXMO6tmrYUr3HNWxw8E8s/87jOvvujPGI8FhA=="
    },
    "@cgjs/util": {
      "version": "0.1.1",
      "resolved": "https://registry.npmjs.org/@cgjs/util/-/util-0.1.1.tgz",
      "integrity": "sha512-0iZ2zui0k3K/j/7ohshfqHQ9YGJ5wuKz5K4xP8T6uwk9nLnWXjF5ot7AJmqaBz2Sq/JyMUeOtX2qIWEhY8pheg=="
    },
    "@types/node": {
      "version": "12.12.7",
      "resolved": "https://registry.npmjs.org/@types/node/-/node-12.12.7.tgz",
      "integrity": "sha512-E6Zn0rffhgd130zbCbAr/JdXfXkoOUFAKNs/rF8qnafSJ8KYaA/j3oz7dcwal+lYjLA7xvdd5J4wdYpCTlP8+w==",
      "dev": true
    },
    "base64-js": {
      "version": "1.3.1",
      "resolved": "https://registry.npmjs.org/base64-js/-/base64-js-1.3.1.tgz",
      "integrity": "sha512-mLQ4i2QO1ytvGWFWmcngKO//JXAQueZvwEKtjgQFM4jIK0kU+ytMfplL8j+n5mspOfjHwoAg+9yhb7BwAHm36g=="
    },
    "buffer": {
      "version": "5.4.3",
      "resolved": "https://registry.npmjs.org/buffer/-/buffer-5.4.3.tgz",
      "integrity": "sha512-zvj65TkFeIt3i6aj5bIvJDzjjQQGs4o/sNoezg1F1kYap9Nu2jcUdpwzRSJTHMMzG0H7bZkn4rNQpImhuxWX2A==",
      "requires": {
        "base64-js": "^1.0.2",
        "ieee754": "^1.1.4"
      }
    },
    "cgjs": {
      "version": "0.1.32",
      "resolved": "https://registry.npmjs.org/cgjs/-/cgjs-0.1.32.tgz",
      "integrity": "sha512-d2TiE5fyRzTIk8/6uEP6hYMkjnBpJa1DkhCnlJubyEotH6DoXd8LJ/PiJBU9NSeDHhpRmSnQdku00qXQi6KmeQ==",
      "requires": {
        "@cgjs/assert": "^0.0.2",
        "@cgjs/buffer": "^0.1.1",
        "@cgjs/cluster": "^0.0.2",
        "@cgjs/console": "^0.1.3",
        "@cgjs/events": "^0.1.1",
        "@cgjs/fs": "^0.0.4",
        "@cgjs/gir": "^0.0.1",
        "@cgjs/os": "^0.1.1",
        "@cgjs/path": "^0.1.1",
        "@cgjs/process": "^0.0.4",
        "@cgjs/timers": "^0.0.2",
        "@cgjs/util": "^0.1.1"
      }
    },
    "ieee754": {
      "version": "1.1.13",
      "resolved": "https://registry.npmjs.org/ieee754/-/ieee754-1.1.13.tgz",
      "integrity": "sha512-4vf7I2LYV/HaWerSo3XmlMkp5eZ83i+/CDluXi/IGTs/O1sejBNhTtnxzmRZfvOUqj7lZjqHkeTvpgSFDlWZTg=="
    },
    "typescript": {
      "version": "3.7.2",
      "resolved": "https://registry.npmjs.org/typescript/-/typescript-3.7.2.tgz",
      "integrity": "sha512-ml7V7JfiN2Xwvcer+XAf2csGO1bPBdRbFCkYBczNZggrBZ9c7G3riSUeJmqEU5uOtXNPMhE3n+R4FA/3YOAWOQ==",
      "dev": true
    }
  }
}
